// !$*UTF8*$!
{
	archiveVersion = 1;
	classes = {
	};
	objectVersion = 50;
	objects = {

/* Begin PBXBuildFile section */
		BCC6B45326BB9AAE000A81EB /* AppDelegate.swift in Sources */ = {isa = PBXBuildFile; fileRef = BCC6B45226BB9AAE000A81EB /* AppDelegate.swift */; };
		BCC6B45526BB9AAE000A81EB /* SceneDelegate.swift in Sources */ = {isa = PBXBuildFile; fileRef = BCC6B45426BB9AAE000A81EB /* SceneDelegate.swift */; };
		BCC6B45726BB9AAE000A81EB /* ViewController.swift in Sources */ = {isa = PBXBuildFile; fileRef = BCC6B45626BB9AAE000A81EB /* ViewController.swift */; };
		BCC6B45A26BB9AAE000A81EB /* Main.storyboard in Resources */ = {isa = PBXBuildFile; fileRef = BCC6B45826BB9AAE000A81EB /* Main.storyboard */; };
		BCC6B45C26BB9AB0000A81EB /* Assets.xcassets in Resources */ = {isa = PBXBuildFile; fileRef = BCC6B45B26BB9AB0000A81EB /* Assets.xcassets */; };
		BCC6B45F26BB9AB0000A81EB /* LaunchScreen.storyboard in Resources */ = {isa = PBXBuildFile; fileRef = BCC6B45D26BB9AB0000A81EB /* LaunchScreen.storyboard */; };
/* End PBXBuildFile section */

/* Begin PBXFileReference section */
		BCC6B44F26BB9AAE000A81EB /* studio-ghibli.app */ = {isa = PBXFileReference; explicitFileType = wrapper.application; includeInIndex = 0; path = "studio-ghibli.app"; sourceTree = BUILT_PRODUCTS_DIR; };
		BCC6B45226BB9AAE000A81EB /* AppDelegate.swift */ = {isa = PBXFileReference; lastKnownFileType = sourcecode.swift; path = AppDelegate.swift; sourceTree = "<group>"; };
		BCC6B45426BB9AAE000A81EB /* SceneDelegate.swift */ = {isa = PBXFileReference; lastKnownFileType = sourcecode.swift; path = SceneDelegate.swift; sourceTree = "<group>"; };
		BCC6B45626BB9AAE000A81EB /* ViewController.swift */ = {isa = PBXFileReference; lastKnownFileType = sourcecode.swift; path = ViewController.swift; sourceTree = "<group>"; };
		BCC6B45926BB9AAE000A81EB /* Base */ = {isa = PBXFileReference; lastKnownFileType = file.storyboard; name = Base; path = Base.lproj/Main.storyboard; sourceTree = "<group>"; };
		BCC6B45B26BB9AB0000A81EB /* Assets.xcassets */ = {isa = PBXFileReference; lastKnownFileType = folder.assetcatalog; path = Assets.xcassets; sourceTree = "<group>"; };
		BCC6B45E26BB9AB0000A81EB /* Base */ = {isa = PBXFileReference; lastKnownFileType = file.storyboard; name = Base; path = Base.lproj/LaunchScreen.storyboard; sourceTree = "<group>"; };
		BCC6B46026BB9AB0000A81EB /* Info.plist */ = {isa = PBXFileReference; lastKnownFileType = text.plist.xml; path = Info.plist; sourceTree = "<group>"; };
/* End PBXFileReference section */

/* Begin PBXFrameworksBuildPhase section */
		BCC6B44C26BB9AAE000A81EB /* Frameworks */ = {
			isa = PBXFrameworksBuildPhase;
			buildActionMask = 2147483647;
			files = (
			);
			runOnlyForDeploymentPostprocessing = 0;
		};
/* End PBXFrameworksBuildPhase section */

/* Begin PBXGroup section */
		BCC6B44626BB9AAE000A81EB = {
			isa = PBXGroup;
			children = (
				BCC6B45126BB9AAE000A81EB /* studio-ghibli */,
				BCC6B45026BB9AAE000A81EB /* Products */,
			);
			sourceTree = "<group>";
		};
		BCC6B45026BB9AAE000A81EB /* Products */ = {
			isa = PBXGroup;
			children = (
				BCC6B44F26BB9AAE000A81EB /* studio-ghibli.app */,
			);
			name = Products;
			sourceTree = "<group>";
		};
		BCC6B45126BB9AAE000A81EB /* studio-ghibli */ = {
			isa = PBXGroup;
			children = (
				BCC6B45226BB9AAE000A81EB /* AppDelegate.swift */,
				BCC6B45426BB9AAE000A81EB /* SceneDelegate.swift */,
				BCC6B45626BB9AAE000A81EB /* ViewController.swift */,
				BCC6B45826BB9AAE000A81EB /* Main.storyboard */,
				BCC6B45B26BB9AB0000A81EB /* Assets.xcassets */,
				BCC6B45D26BB9AB0000A81EB /* LaunchScreen.storyboard */,
				BCC6B46026BB9AB0000A81EB /* Info.plist */,
			);
			path = "studio-ghibli";
			sourceTree = "<group>";
		};
/* End PBXGroup section */

/* Begin PBXNativeTarget section */
		BCC6B44E26BB9AAE000A81EB /* studio-ghibli */ = {
			isa = PBXNativeTarget;
			buildConfigurationList = BCC6B46326BB9AB0000A81EB /* Build configuration list for PBXNativeTarget "studio-ghibli" */;
			buildPhases = (
				BCC6B44B26BB9AAE000A81EB /* Sources */,
				BCC6B44C26BB9AAE000A81EB /* Frameworks */,
				BCC6B44D26BB9AAE000A81EB /* Resources */,
			);
			buildRules = (
			);
			dependencies = (
			);
			name = "studio-ghibli";
			productName = "studio-ghibli";
			productReference = BCC6B44F26BB9AAE000A81EB /* studio-ghibli.app */;
			productType = "com.apple.product-type.application";
		};
/* End PBXNativeTarget section */

/* Begin PBXProject section */
		BCC6B44726BB9AAE000A81EB /* Project object */ = {
			isa = PBXProject;
			attributes = {
				LastSwiftUpdateCheck = 1250;
				LastUpgradeCheck = 1250;
				TargetAttributes = {
					BCC6B44E26BB9AAE000A81EB = {
						CreatedOnToolsVersion = 12.5.1;
					};
				};
			};
			buildConfigurationList = BCC6B44A26BB9AAE000A81EB /* Build configuration list for PBXProject "studio-ghibli" */;
			compatibilityVersion = "Xcode 9.3";
			developmentRegion = en;
			hasScannedForEncodings = 0;
			knownRegions = (
				en,
				Base,
			);
			mainGroup = BCC6B44626BB9AAE000A81EB;
			productRefGroup = BCC6B45026BB9AAE000A81EB /* Products */;
			projectDirPath = "";
			projectRoot = "";
			targets = (
				BCC6B44E26BB9AAE000A81EB /* studio-ghibli */,
			);
		};
/* End PBXProject section */

/* Begin PBXResourcesBuildPhase section */
		BCC6B44D26BB9AAE000A81EB /* Resources */ = {
			isa = PBXResourcesBuildPhase;
			buildActionMask = 2147483647;
			files = (
				BCC6B45F26BB9AB0000A81EB /* LaunchScreen.storyboard in Resources */,
				BCC6B45C26BB9AB0000A81EB /* Assets.xcassets in Resources */,
				BCC6B45A26BB9AAE000A81EB /* Main.storyboard in Resources */,
			);
			runOnlyForDeploymentPostprocessing = 0;
		};
/* End PBXResourcesBuildPhase section */

/* Begin PBXSourcesBuildPhase section */
		BCC6B44B26BB9AAE000A81EB /* Sources */ = {
			isa = PBXSourcesBuildPhase;
			buildActionMask = 2147483647;
			files = (
				BCC6B45726BB9AAE000A81EB /* ViewController.swift in Sources */,
				BCC6B45326BB9AAE000A81EB /* AppDelegate.swift in Sources */,
				BCC6B45526BB9AAE000A81EB /* SceneDelegate.swift in Sources */,
			);
			runOnlyForDeploymentPostprocessing = 0;
		};
/* End PBXSourcesBuildPhase section */

/* Begin PBXVariantGroup section */
		BCC6B45826BB9AAE000A81EB /* Main.storyboard */ = {
			isa = PBXVariantGroup;
			children = (
				BCC6B45926BB9AAE000A81EB /* Base */,
			);
			name = Main.storyboard;
			sourceTree = "<group>";
		};
		BCC6B45D26BB9AB0000A81EB /* LaunchScreen.storyboard */ = {
			isa = PBXVariantGroup;
			children = (
				BCC6B45E26BB9AB0000A81EB /* Base */,
			);
			name = LaunchScreen.storyboard;
			sourceTree = "<group>";
		};
/* End PBXVariantGroup section */

/* Begin XCBuildConfiguration section */
		BCC6B46126BB9AB0000A81EB /* Debug */ = {
			isa = XCBuildConfiguration;
			buildSettings = {
				ALWAYS_SEARCH_USER_PATHS = NO;
				CLANG_ANALYZER_NONNULL = YES;
				CLANG_ANALYZER_NUMBER_OBJECT_CONVERSION = YES_AGGRESSIVE;
				CLANG_CXX_LANGUAGE_STANDARD = "gnu++14";
				CLANG_CXX_LIBRARY = "libc++";
				CLANG_ENABLE_MODULES = YES;
				CLANG_ENABLE_OBJC_ARC = YES;
				CLANG_ENABLE_OBJC_WEAK = YES;
				CLANG_WARN_BLOCK_CAPTURE_AUTORELEASING = YES;
				CLANG_WARN_BOOL_CONVERSION = YES;
				CLANG_WARN_COMMA = YES;
				CLANG_WARN_CONSTANT_CONVERSION = YES;
				CLANG_WARN_DEPRECATED_OBJC_IMPLEMENTATIONS = YES;
				CLANG_WARN_DIRECT_OBJC_ISA_USAGE = YES_ERROR;
				CLANG_WARN_DOCUMENTATION_COMMENTS = YES;
				CLANG_WARN_EMPTY_BODY = YES;
				CLANG_WARN_ENUM_CONVERSION = YES;
				CLANG_WARN_INFINITE_RECURSION = YES;
				CLANG_WARN_INT_CONVERSION = YES;
				CLANG_WARN_NON_LITERAL_NULL_CONVERSION = YES;
				CLANG_WARN_OBJC_IMPLICIT_RETAIN_SELF = YES;
				CLANG_WARN_OBJC_LITERAL_CONVERSION = YES;
				CLANG_WARN_OBJC_ROOT_CLASS = YES_ERROR;
				CLANG_WARN_QUOTED_INCLUDE_IN_FRAMEWORK_HEADER = YES;
				CLANG_WARN_RANGE_LOOP_ANALYSIS = YES;
				CLANG_WARN_STRICT_PROTOTYPES = YES;
				CLANG_WARN_SUSPICIOUS_MOVE = YES;
				CLANG_WARN_UNGUARDED_AVAILABILITY = YES_AGGRESSIVE;
				CLANG_WARN_UNREACHABLE_CODE = YES;
				CLANG_WARN__DUPLICATE_METHOD_MATCH = YES;
				COPY_PHASE_STRIP = NO;
				DEBUG_INFORMATION_FORMAT = dwarf;
				ENABLE_STRICT_OBJC_MSGSEND = YES;
				ENABLE_TESTABILITY = YES;
				GCC_C_LANGUAGE_STANDARD = gnu11;
				GCC_DYNAMIC_NO_PIC = NO;
				GCC_NO_COMMON_BLOCKS = YES;
				GCC_OPTIMIZATION_LEVEL = 0;
				GCC_PREPROCESSOR_DEFINITIONS = (
					"DEBUG=1",
					"$(inherited)",
				);
				GCC_WARN_64_TO_32_BIT_CONVERSION = YES;
				GCC_WARN_ABOUT_RETURN_TYPE = YES_ERROR;
				GCC_WARN_UNDECLARED_SELECTOR = YES;
				GCC_WARN_UNINITIALIZED_AUTOS = YES_AGGRESSIVE;
				GCC_WARN_UNUSED_FUNCTION = YES;
				GCC_WARN_UNUSED_VARIABLE = YES;
				IPHONEOS_DEPLOYMENT_TARGET = 14.5;
				MTL_ENABLE_DEBUG_INFO = INCLUDE_SOURCE;
				MTL_FAST_MATH = YES;
				ONLY_ACTIVE_ARCH = YES;
				SDKROOT = iphoneos;
				SWIFT_ACTIVE_COMPILATION_CONDITIONS = DEBUG;
				SWIFT_OPTIMIZATION_LEVEL = "-Onone";
			};
			name = Debug;
		};
		BCC6B46226BB9AB0000A81EB /* Release */ = {
			isa = XCBuildConfiguration;
			buildSettings = {
				ALWAYS_SEARCH_USER_PATHS = NO;
				CLANG_ANALYZER_NONNULL = YES;
				CLANG_ANALYZER_NUMBER_OBJECT_CONVERSION = YES_AGGRESSIVE;
				CLANG_CXX_LANGUAGE_STANDARD = "gnu++14";
				CLANG_CXX_LIBRARY = "libc++";
				CLANG_ENABLE_MODULES = YES;
				CLANG_ENABLE_OBJC_ARC = YES;
				CLANG_ENABLE_OBJC_WEAK = YES;
				CLANG_WARN_BLOCK_CAPTURE_AUTORELEASING = YES;
				CLANG_WARN_BOOL_CONVERSION = YES;
				CLANG_WARN_COMMA = YES;
				CLANG_WARN_CONSTANT_CONVERSION = YES;
				CLANG_WARN_DEPRECATED_OBJC_IMPLEMENTATIONS = YES;
				CLANG_WARN_DIRECT_OBJC_ISA_USAGE = YES_ERROR;
				CLANG_WARN_DOCUMENTATION_COMMENTS = YES;
				CLANG_WARN_EMPTY_BODY = YES;
				CLANG_WARN_ENUM_CONVERSION = YES;
				CLANG_WARN_INFINITE_RECURSION = YES;
				CLANG_WARN_INT_CONVERSION = YES;
				CLANG_WARN_NON_LITERAL_NULL_CONVERSION = YES;
				CLANG_WARN_OBJC_IMPLICIT_RETAIN_SELF = YES;
				CLANG_WARN_OBJC_LITERAL_CONVERSION = YES;
				CLANG_WARN_OBJC_ROOT_CLASS = YES_ERROR;
				CLANG_WARN_QUOTED_INCLUDE_IN_FRAMEWORK_HEADER = YES;
				CLANG_WARN_RANGE_LOOP_ANALYSIS = YES;
				CLANG_WARN_STRICT_PROTOTYPES = YES;
				CLANG_WARN_SUSPICIOUS_MOVE = YES;
				CLANG_WARN_UNGUARDED_AVAILABILITY = YES_AGGRESSIVE;
				CLANG_WARN_UNREACHABLE_CODE = YES;
				CLANG_WARN__DUPLICATE_METHOD_MATCH = YES;
				COPY_PHASE_STRIP = NO;
				DEBUG_INFORMATION_FORMAT = "dwarf-with-dsym";
				ENABLE_NS_ASSERTIONS = NO;
				ENABLE_STRICT_OBJC_MSGSEND = YES;
				GCC_C_LANGUAGE_STANDARD = gnu11;
				GCC_NO_COMMON_BLOCKS = YES;
				GCC_WARN_64_TO_32_BIT_CONVERSION = YES;
				GCC_WARN_ABOUT_RETURN_TYPE = YES_ERROR;
				GCC_WARN_UNDECLARED_SELECTOR = YES;
				GCC_WARN_UNINITIALIZED_AUTOS = YES_AGGRESSIVE;
				GCC_WARN_UNUSED_FUNCTION = YES;
				GCC_WARN_UNUSED_VARIABLE = YES;
				IPHONEOS_DEPLOYMENT_TARGET = 14.5;
				MTL_ENABLE_DEBUG_INFO = NO;
				MTL_FAST_MATH = YES;
				SDKROOT = iphoneos;
				SWIFT_COMPILATION_MODE = wholemodule;
				SWIFT_OPTIMIZATION_LEVEL = "-O";
				VALIDATE_PRODUCT = YES;
			};
			name = Release;
		};
		BCC6B46426BB9AB0000A81EB /* Debug */ = {
			isa = XCBuildConfiguration;
			buildSettings = {
				ASSETCATALOG_COMPILER_APPICON_NAME = AppIcon;
				ASSETCATALOG_COMPILER_GLOBAL_ACCENT_COLOR_NAME = AccentColor;
				CODE_SIGN_STYLE = Automatic;
				DEVELOPMENT_TEAM = ELWJ3MGU37;
				INFOPLIST_FILE = "studio-ghibli/Info.plist";
				LD_RUNPATH_SEARCH_PATHS = (
					"$(inherited)",
					"@executable_path/Frameworks",
				);
				PRODUCT_BUNDLE_IDENTIFIER = "christellenieves.studio-ghibli";
				PRODUCT_NAME = "$(TARGET_NAME)";
				SWIFT_VERSION = 5.0;
				TARGETED_DEVICE_FAMILY = "1,2";
			};
			name = Debug;
		};
		BCC6B46526BB9AB0000A81EB /* Release */ = {
			isa = XCBuildConfiguration;
			buildSettings = {
				ASSETCATALOG_COMPILER_APPICON_NAME = AppIcon;
				ASSETCATALOG_COMPILER_GLOBAL_ACCENT_COLOR_NAME = AccentColor;
				CODE_SIGN_STYLE = Automatic;
				DEVELOPMENT_TEAM = ELWJ3MGU37;
				INFOPLIST_FILE = "studio-ghibli/Info.plist";
				LD_RUNPATH_SEARCH_PATHS = (
					"$(inherited)",
					"@executable_path/Frameworks",
				);
				PRODUCT_BUNDLE_IDENTIFIER = "christellenieves.studio-ghibli";
				PRODUCT_NAME = "$(TARGET_NAME)";
				SWIFT_VERSION = 5.0;
				TARGETED_DEVICE_FAMILY = "1,2";
			};
			name = Release;
		};
/* End XCBuildConfiguration section */

/* Begin XCConfigurationList section */
		BCC6B44A26BB9AAE000A81EB /* Build configuration list for PBXProject "studio-ghibli" */ = {
			isa = XCConfigurationList;
			buildConfigurations = (
				BCC6B46126BB9AB0000A81EB /* Debug */,
				BCC6B46226BB9AB0000A81EB /* Release */,
			);
			defaultConfigurationIsVisible = 0;
			defaultConfigurationName = Release;
		};
		BCC6B46326BB9AB0000A81EB /* Build configuration list for PBXNativeTarget "studio-ghibli" */ = {
			isa = XCConfigurationList;
			buildConfigurations = (
				BCC6B46426BB9AB0000A81EB /* Debug */,
				BCC6B46526BB9AB0000A81EB /* Release */,
			);
			defaultConfigurationIsVisible = 0;
			defaultConfigurationName = Release;
		};
/* End XCConfigurationList section */
	};
	rootObject = BCC6B44726BB9AAE000A81EB /* Project object */;
}
